
Microsoft Visual Studio Solution File, Format Version 12.00
Project("{FAE04EC0-301F-11D3-BF4B-00C04F79EFBC}") = "ReversePolish", "ReversePolish\ReversePolish.csproj", "{A0B3E4FB-4870-4356-9563-5BDD5AD00C7A}"
EndProject
Global
	GlobalSection(SolutionConfigurationPlatforms) = preSolution
		Debug|Any CPU = Debug|Any CPU
		Release|Any CPU = Release|Any CPU
	EndGlobalSection
	GlobalSection(ProjectConfigurationPlatforms) = postSolution
		{A0B3E4FB-4870-4356-9563-5BDD5AD00C7A}.Debug|Any CPU.ActiveCfg = Debug|Any CPU
		{A0B3E4FB-4870-4356-9563-5BDD5AD00C7A}.Debug|Any CPU.Build.0 = Debug|Any CPU
		{A0B3E4FB-4870-4356-9563-5BDD5AD00C7A}.Release|Any CPU.ActiveCfg = Release|Any CPU
		{A0B3E4FB-4870-4356-9563-5BDD5AD00C7A}.Release|Any CPU.Build.0 = Release|Any CPU
	EndGlobalSection
EndGlobal
